// !$*UTF8*$!
{
	archiveVersion = 1;
	classes = {
	};
	objectVersion = 46;
	objects = {

/* Begin PBXBuildFile section */
		878746DC1BF2FDF600ECAF5D /* ConcurrentOperation.m in Sources */ = {isa = PBXBuildFile; fileRef = 878746DB1BF2FDF600ECAF5D /* ConcurrentOperation.m */; };
		878746E11BF31C0300ECAF5D /* GalleryViewController.m in Sources */ = {isa = PBXBuildFile; fileRef = 878746E01BF31C0300ECAF5D /* GalleryViewController.m */; };
		87F072DE1BF19ECA004632D0 /* main.m in Sources */ = {isa = PBXBuildFile; fileRef = 87F072DD1BF19ECA004632D0 /* main.m */; };
		87F072E11BF19ECA004632D0 /* AppDelegate.m in Sources */ = {isa = PBXBuildFile; fileRef = 87F072E01BF19ECA004632D0 /* AppDelegate.m */; };
		87F072E91BF19ECA004632D0 /* Assets.xcassets in Resources */ = {isa = PBXBuildFile; fileRef = 87F072E81BF19ECA004632D0 /* Assets.xcassets */; };
		87F072EC1BF19ECA004632D0 /* LaunchScreen.storyboard in Resources */ = {isa = PBXBuildFile; fileRef = 87F072EA1BF19ECA004632D0 /* LaunchScreen.storyboard */; };
		87F072F71BF19ECA004632D0 /* LargeImageViewerTests.m in Sources */ = {isa = PBXBuildFile; fileRef = 87F072F61BF19ECA004632D0 /* LargeImageViewerTests.m */; };
		87F073021BF19ECA004632D0 /* LargeImageViewerUITests.m in Sources */ = {isa = PBXBuildFile; fileRef = 87F073011BF19ECA004632D0 /* LargeImageViewerUITests.m */; };
		87F073111BF19F42004632D0 /* MainViewController.m in Sources */ = {isa = PBXBuildFile; fileRef = 87F073101BF19F42004632D0 /* MainViewController.m */; };
		87F073141BF19FE5004632D0 /* ImageManager.m in Sources */ = {isa = PBXBuildFile; fileRef = 87F073131BF19FE5004632D0 /* ImageManager.m */; };
		87F073171BF1A097004632D0 /* ImageDownloadOperation.m in Sources */ = {isa = PBXBuildFile; fileRef = 87F073161BF1A097004632D0 /* ImageDownloadOperation.m */; };
		87F0731A1BF1CC3C004632D0 /* UIView+Frame.m in Sources */ = {isa = PBXBuildFile; fileRef = 87F073191BF1CC3C004632D0 /* UIView+Frame.m */; };
		87F0731E1BF1D57B004632D0 /* ImageCollectionViewCell.m in Sources */ = {isa = PBXBuildFile; fileRef = 87F0731C1BF1D57B004632D0 /* ImageCollectionViewCell.m */; };
		87F073211BF24041004632D0 /* ImageCollectionViewCell.xib in Resources */ = {isa = PBXBuildFile; fileRef = 87F073201BF24041004632D0 /* ImageCollectionViewCell.xib */; };
		87F073261BF241EF004632D0 /* FullSizeImageViewController.m in Sources */ = {isa = PBXBuildFile; fileRef = 87F073251BF241EF004632D0 /* FullSizeImageViewController.m */; };
/* End PBXBuildFile section */

/* Begin PBXContainerItemProxy section */
		87F072F31BF19ECA004632D0 /* PBXContainerItemProxy */ = {
			isa = PBXContainerItemProxy;
			containerPortal = 87F072D11BF19ECA004632D0 /* Project object */;
			proxyType = 1;
			remoteGlobalIDString = 87F072D81BF19ECA004632D0;
			remoteInfo = LargeImageViewer;
		};
		87F072FE1BF19ECA004632D0 /* PBXContainerItemProxy */ = {
			isa = PBXContainerItemProxy;
			containerPortal = 87F072D11BF19ECA004632D0 /* Project object */;
			proxyType = 1;
			remoteGlobalIDString = 87F072D81BF19ECA004632D0;
			remoteInfo = LargeImageViewer;
		};
/* End PBXContainerItemProxy section */

/* Begin PBXFileReference section */
		878746DA1BF2FDF600ECAF5D /* ConcurrentOperation.h */ = {isa = PBXFileReference; fileEncoding = 4; lastKnownFileType = sourcecode.c.h; path = ConcurrentOperation.h; sourceTree = "<group>"; };
		878746DB1BF2FDF600ECAF5D /* ConcurrentOperation.m */ = {isa = PBXFileReference; fileEncoding = 4; lastKnownFileType = sourcecode.c.objc; path = ConcurrentOperation.m; sourceTree = "<group>"; };
		878746DF1BF31C0300ECAF5D /* GalleryViewController.h */ = {isa = PBXFileReference; fileEncoding = 4; lastKnownFileType = sourcecode.c.h; path = GalleryViewController.h; sourceTree = "<group>"; };
		878746E01BF31C0300ECAF5D /* GalleryViewController.m */ = {isa = PBXFileReference; fileEncoding = 4; lastKnownFileType = sourcecode.c.objc; path = GalleryViewController.m; sourceTree = "<group>"; };
		87F072D91BF19ECA004632D0 /* LargeImageViewer.app */ = {isa = PBXFileReference; explicitFileType = wrapper.application; includeInIndex = 0; path = LargeImageViewer.app; sourceTree = BUILT_PRODUCTS_DIR; };
		87F072DD1BF19ECA004632D0 /* main.m */ = {isa = PBXFileReference; lastKnownFileType = sourcecode.c.objc; path = main.m; sourceTree = "<group>"; };
		87F072DF1BF19ECA004632D0 /* AppDelegate.h */ = {isa = PBXFileReference; lastKnownFileType = sourcecode.c.h; path = AppDelegate.h; sourceTree = "<group>"; };
		87F072E01BF19ECA004632D0 /* AppDelegate.m */ = {isa = PBXFileReference; lastKnownFileType = sourcecode.c.objc; path = AppDelegate.m; sourceTree = "<group>"; };
		87F072E81BF19ECA004632D0 /* Assets.xcassets */ = {isa = PBXFileReference; lastKnownFileType = folder.assetcatalog; path = Assets.xcassets; sourceTree = "<group>"; };
		87F072EB1BF19ECA004632D0 /* Base */ = {isa = PBXFileReference; lastKnownFileType = file.storyboard; name = Base; path = Base.lproj/LaunchScreen.storyboard; sourceTree = "<group>"; };
		87F072ED1BF19ECA004632D0 /* Info.plist */ = {isa = PBXFileReference; lastKnownFileType = text.plist.xml; path = Info.plist; sourceTree = "<group>"; };
		87F072F21BF19ECA004632D0 /* LargeImageViewerTests.xctest */ = {isa = PBXFileReference; explicitFileType = wrapper.cfbundle; includeInIndex = 0; path = LargeImageViewerTests.xctest; sourceTree = BUILT_PRODUCTS_DIR; };
		87F072F61BF19ECA004632D0 /* LargeImageViewerTests.m */ = {isa = PBXFileReference; lastKnownFileType = sourcecode.c.objc; path = LargeImageViewerTests.m; sourceTree = "<group>"; };
		87F072F81BF19ECA004632D0 /* Info.plist */ = {isa = PBXFileReference; lastKnownFileType = text.plist.xml; path = Info.plist; sourceTree = "<group>"; };
		87F072FD1BF19ECA004632D0 /* LargeImageViewerUITests.xctest */ = {isa = PBXFileReference; explicitFileType = wrapper.cfbundle; includeInIndex = 0; path = LargeImageViewerUITests.xctest; sourceTree = BUILT_PRODUCTS_DIR; };
		87F073011BF19ECA004632D0 /* LargeImageViewerUITests.m */ = {isa = PBXFileReference; lastKnownFileType = sourcecode.c.objc; path = LargeImageViewerUITests.m; sourceTree = "<group>"; };
		87F073031BF19ECA004632D0 /* Info.plist */ = {isa = PBXFileReference; lastKnownFileType = text.plist.xml; path = Info.plist; sourceTree = "<group>"; };
		87F0730F1BF19F42004632D0 /* MainViewController.h */ = {isa = PBXFileReference; fileEncoding = 4; lastKnownFileType = sourcecode.c.h; path = MainViewController.h; sourceTree = "<group>"; };
		87F073101BF19F42004632D0 /* MainViewController.m */ = {isa = PBXFileReference; fileEncoding = 4; lastKnownFileType = sourcecode.c.objc; path = MainViewController.m; sourceTree = "<group>"; };
		87F073121BF19FE5004632D0 /* ImageManager.h */ = {isa = PBXFileReference; fileEncoding = 4; lastKnownFileType = sourcecode.c.h; path = ImageManager.h; sourceTree = "<group>"; };
		87F073131BF19FE5004632D0 /* ImageManager.m */ = {isa = PBXFileReference; fileEncoding = 4; lastKnownFileType = sourcecode.c.objc; path = ImageManager.m; sourceTree = "<group>"; };
		87F073151BF1A097004632D0 /* ImageDownloadOperation.h */ = {isa = PBXFileReference; fileEncoding = 4; lastKnownFileType = sourcecode.c.h; path = ImageDownloadOperation.h; sourceTree = "<group>"; };
		87F073161BF1A097004632D0 /* ImageDownloadOperation.m */ = {isa = PBXFileReference; fileEncoding = 4; lastKnownFileType = sourcecode.c.objc; path = ImageDownloadOperation.m; sourceTree = "<group>"; };
		87F073181BF1CC3C004632D0 /* UIView+Frame.h */ = {isa = PBXFileReference; fileEncoding = 4; lastKnownFileType = sourcecode.c.h; path = "UIView+Frame.h"; sourceTree = "<group>"; };
		87F073191BF1CC3C004632D0 /* UIView+Frame.m */ = {isa = PBXFileReference; fileEncoding = 4; lastKnownFileType = sourcecode.c.objc; path = "UIView+Frame.m"; sourceTree = "<group>"; };
		87F0731B1BF1D57B004632D0 /* ImageCollectionViewCell.h */ = {isa = PBXFileReference; fileEncoding = 4; lastKnownFileType = sourcecode.c.h; path = ImageCollectionViewCell.h; sourceTree = "<group>"; };
		87F0731C1BF1D57B004632D0 /* ImageCollectionViewCell.m */ = {isa = PBXFileReference; fileEncoding = 4; lastKnownFileType = sourcecode.c.objc; path = ImageCollectionViewCell.m; sourceTree = "<group>"; };
		87F073201BF24041004632D0 /* ImageCollectionViewCell.xib */ = {isa = PBXFileReference; fileEncoding = 4; lastKnownFileType = file.xib; path = ImageCollectionViewCell.xib; sourceTree = "<group>"; };
		87F073241BF241EF004632D0 /* FullSizeImageViewController.h */ = {isa = PBXFileReference; fileEncoding = 4; lastKnownFileType = sourcecode.c.h; path = FullSizeImageViewController.h; sourceTree = "<group>"; };
		87F073251BF241EF004632D0 /* FullSizeImageViewController.m */ = {isa = PBXFileReference; fileEncoding = 4; lastKnownFileType = sourcecode.c.objc; path = FullSizeImageViewController.m; sourceTree = "<group>"; };
/* End PBXFileReference section */

/* Begin PBXFrameworksBuildPhase section */
		87F072D61BF19ECA004632D0 /* Frameworks */ = {
			isa = PBXFrameworksBuildPhase;
			buildActionMask = 2147483647;
			files = (
			);
			runOnlyForDeploymentPostprocessing = 0;
		};
		87F072EF1BF19ECA004632D0 /* Frameworks */ = {
			isa = PBXFrameworksBuildPhase;
			buildActionMask = 2147483647;
			files = (
			);
			runOnlyForDeploymentPostprocessing = 0;
		};
		87F072FA1BF19ECA004632D0 /* Frameworks */ = {
			isa = PBXFrameworksBuildPhase;
			buildActionMask = 2147483647;
			files = (
			);
			runOnlyForDeploymentPostprocessing = 0;
		};
/* End PBXFrameworksBuildPhase section */

/* Begin PBXGroup section */
		878746DD1BF31AA200ECAF5D /* Operations */ = {
			isa = PBXGroup;
			children = (
				87F073151BF1A097004632D0 /* ImageDownloadOperation.h */,
				87F073161BF1A097004632D0 /* ImageDownloadOperation.m */,
				878746DA1BF2FDF600ECAF5D /* ConcurrentOperation.h */,
				878746DB1BF2FDF600ECAF5D /* ConcurrentOperation.m */,
			);
			name = Operations;
			sourceTree = "<group>";
		};
		878746DE1BF31AAF00ECAF5D /* Networking */ = {
			isa = PBXGroup;
			children = (
				87F073121BF19FE5004632D0 /* ImageManager.h */,
				87F073131BF19FE5004632D0 /* ImageManager.m */,
				878746DD1BF31AA200ECAF5D /* Operations */,
			);
			name = Networking;
			sourceTree = "<group>";
		};
		87F072D01BF19ECA004632D0 = {
			isa = PBXGroup;
			children = (
				87F072DB1BF19ECA004632D0 /* LargeImageViewer */,
				87F072F51BF19ECA004632D0 /* LargeImageViewerTests */,
				87F073001BF19ECA004632D0 /* LargeImageViewerUITests */,
				87F072DA1BF19ECA004632D0 /* Products */,
			);
			sourceTree = "<group>";
		};
		87F072DA1BF19ECA004632D0 /* Products */ = {
			isa = PBXGroup;
			children = (
				87F072D91BF19ECA004632D0 /* LargeImageViewer.app */,
				87F072F21BF19ECA004632D0 /* LargeImageViewerTests.xctest */,
				87F072FD1BF19ECA004632D0 /* LargeImageViewerUITests.xctest */,
			);
			name = Products;
			sourceTree = "<group>";
		};
		87F072DB1BF19ECA004632D0 /* LargeImageViewer */ = {
			isa = PBXGroup;
			children = (
				87F072DF1BF19ECA004632D0 /* AppDelegate.h */,
				87F072E01BF19ECA004632D0 /* AppDelegate.m */,
				87F0730F1BF19F42004632D0 /* MainViewController.h */,
				87F073101BF19F42004632D0 /* MainViewController.m */,
				878746DF1BF31C0300ECAF5D /* GalleryViewController.h */,
				878746E01BF31C0300ECAF5D /* GalleryViewController.m */,
				87F073241BF241EF004632D0 /* FullSizeImageViewController.h */,
				87F073251BF241EF004632D0 /* FullSizeImageViewController.m */,
				87F073231BF2419E004632D0 /* Cells */,
				878746DE1BF31AAF00ECAF5D /* Networking */,
				87F073221BF2418C004632D0 /* Categories */,
				87F072E81BF19ECA004632D0 /* Assets.xcassets */,
				87F072EA1BF19ECA004632D0 /* LaunchScreen.storyboard */,
				87F072ED1BF19ECA004632D0 /* Info.plist */,
				87F072DC1BF19ECA004632D0 /* Supporting Files */,
			);
			path = LargeImageViewer;
			sourceTree = "<group>";
		};
		87F072DC1BF19ECA004632D0 /* Supporting Files */ = {
			isa = PBXGroup;
			children = (
				87F072DD1BF19ECA004632D0 /* main.m */,
			);
			name = "Supporting Files";
			sourceTree = "<group>";
		};
		87F072F51BF19ECA004632D0 /* LargeImageViewerTests */ = {
			isa = PBXGroup;
			children = (
				87F072F61BF19ECA004632D0 /* LargeImageViewerTests.m */,
				87F072F81BF19ECA004632D0 /* Info.plist */,
			);
			path = LargeImageViewerTests;
			sourceTree = "<group>";
		};
		87F073001BF19ECA004632D0 /* LargeImageViewerUITests */ = {
			isa = PBXGroup;
			children = (
				87F073011BF19ECA004632D0 /* LargeImageViewerUITests.m */,
				87F073031BF19ECA004632D0 /* Info.plist */,
			);
			path = LargeImageViewerUITests;
			sourceTree = "<group>";
		};
		87F073221BF2418C004632D0 /* Categories */ = {
			isa = PBXGroup;
			children = (
				87F073181BF1CC3C004632D0 /* UIView+Frame.h */,
				87F073191BF1CC3C004632D0 /* UIView+Frame.m */,
			);
			name = Categories;
			sourceTree = "<group>";
		};
		87F073231BF2419E004632D0 /* Cells */ = {
			isa = PBXGroup;
			children = (
				87F0731B1BF1D57B004632D0 /* ImageCollectionViewCell.h */,
				87F0731C1BF1D57B004632D0 /* ImageCollectionViewCell.m */,
				87F073201BF24041004632D0 /* ImageCollectionViewCell.xib */,
			);
			name = Cells;
			sourceTree = "<group>";
		};
/* End PBXGroup section */

/* Begin PBXNativeTarget section */
		87F072D81BF19ECA004632D0 /* LargeImageViewer */ = {
			isa = PBXNativeTarget;
			buildConfigurationList = 87F073061BF19ECA004632D0 /* Build configuration list for PBXNativeTarget "LargeImageViewer" */;
			buildPhases = (
				87F072D51BF19ECA004632D0 /* Sources */,
				87F072D61BF19ECA004632D0 /* Frameworks */,
				87F072D71BF19ECA004632D0 /* Resources */,
			);
			buildRules = (
			);
			dependencies = (
			);
			name = LargeImageViewer;
			productName = LargeImageViewer;
			productReference = 87F072D91BF19ECA004632D0 /* LargeImageViewer.app */;
			productType = "com.apple.product-type.application";
		};
		87F072F11BF19ECA004632D0 /* LargeImageViewerTests */ = {
			isa = PBXNativeTarget;
			buildConfigurationList = 87F073091BF19ECA004632D0 /* Build configuration list for PBXNativeTarget "LargeImageViewerTests" */;
			buildPhases = (
				87F072EE1BF19ECA004632D0 /* Sources */,
				87F072EF1BF19ECA004632D0 /* Frameworks */,
				87F072F01BF19ECA004632D0 /* Resources */,
			);
			buildRules = (
			);
			dependencies = (
				87F072F41BF19ECA004632D0 /* PBXTargetDependency */,
			);
			name = LargeImageViewerTests;
			productName = LargeImageViewerTests;
			productReference = 87F072F21BF19ECA004632D0 /* LargeImageViewerTests.xctest */;
			productType = "com.apple.product-type.bundle.unit-test";
		};
		87F072FC1BF19ECA004632D0 /* LargeImageViewerUITests */ = {
			isa = PBXNativeTarget;
			buildConfigurationList = 87F0730C1BF19ECA004632D0 /* Build configuration list for PBXNativeTarget "LargeImageViewerUITests" */;
			buildPhases = (
				87F072F91BF19ECA004632D0 /* Sources */,
				87F072FA1BF19ECA004632D0 /* Frameworks */,
				87F072FB1BF19ECA004632D0 /* Resources */,
			);
			buildRules = (
			);
			dependencies = (
				87F072FF1BF19ECA004632D0 /* PBXTargetDependency */,
			);
			name = LargeImageViewerUITests;
			productName = LargeImageViewerUITests;
			productReference = 87F072FD1BF19ECA004632D0 /* LargeImageViewerUITests.xctest */;
			productType = "com.apple.product-type.bundle.ui-testing";
		};
/* End PBXNativeTarget section */

/* Begin PBXProject section */
		87F072D11BF19ECA004632D0 /* Project object */ = {
			isa = PBXProject;
			attributes = {
				LastUpgradeCheck = 0710;
				ORGANIZATIONNAME = "Adam Cooper";
				TargetAttributes = {
					87F072D81BF19ECA004632D0 = {
						CreatedOnToolsVersion = 7.1;
					};
					87F072F11BF19ECA004632D0 = {
						CreatedOnToolsVersion = 7.1;
						TestTargetID = 87F072D81BF19ECA004632D0;
					};
					87F072FC1BF19ECA004632D0 = {
						CreatedOnToolsVersion = 7.1;
						TestTargetID = 87F072D81BF19ECA004632D0;
					};
				};
			};
			buildConfigurationList = 87F072D41BF19ECA004632D0 /* Build configuration list for PBXProject "LargeImageViewer" */;
			compatibilityVersion = "Xcode 3.2";
			developmentRegion = English;
			hasScannedForEncodings = 0;
			knownRegions = (
				en,
				Base,
			);
			mainGroup = 87F072D01BF19ECA004632D0;
			productRefGroup = 87F072DA1BF19ECA004632D0 /* Products */;
			projectDirPath = "";
			projectRoot = "";
			targets = (
				87F072D81BF19ECA004632D0 /* LargeImageViewer */,
				87F072F11BF19ECA004632D0 /* LargeImageViewerTests */,
				87F072FC1BF19ECA004632D0 /* LargeImageViewerUITests */,
			);
		};
/* End PBXProject section */

/* Begin PBXResourcesBuildPhase section */
		87F072D71BF19ECA004632D0 /* Resources */ = {
			isa = PBXResourcesBuildPhase;
			buildActionMask = 2147483647;
			files = (
				87F072EC1BF19ECA004632D0 /* LaunchScreen.storyboard in Resources */,
				87F073211BF24041004632D0 /* ImageCollectionViewCell.xib in Resources */,
				87F072E91BF19ECA004632D0 /* Assets.xcassets in Resources */,
			);
			runOnlyForDeploymentPostprocessing = 0;
		};
		87F072F01BF19ECA004632D0 /* Resources */ = {
			isa = PBXResourcesBuildPhase;
			buildActionMask = 2147483647;
			files = (
			);
			runOnlyForDeploymentPostprocessing = 0;
		};
		87F072FB1BF19ECA004632D0 /* Resources */ = {
			isa = PBXResourcesBuildPhase;
			buildActionMask = 2147483647;
			files = (
			);
			runOnlyForDeploymentPostprocessing = 0;
		};
/* End PBXResourcesBuildPhase section */

/* Begin PBXSourcesBuildPhase section */
		87F072D51BF19ECA004632D0 /* Sources */ = {
			isa = PBXSourcesBuildPhase;
			buildActionMask = 2147483647;
			files = (
				87F073261BF241EF004632D0 /* FullSizeImageViewController.m in Sources */,
				87F0731A1BF1CC3C004632D0 /* UIView+Frame.m in Sources */,
				87F0731E1BF1D57B004632D0 /* ImageCollectionViewCell.m in Sources */,
				87F072E11BF19ECA004632D0 /* AppDelegate.m in Sources */,
				87F073171BF1A097004632D0 /* ImageDownloadOperation.m in Sources */,
				87F073111BF19F42004632D0 /* MainViewController.m in Sources */,
				87F072DE1BF19ECA004632D0 /* main.m in Sources */,
				87F073141BF19FE5004632D0 /* ImageManager.m in Sources */,
				878746DC1BF2FDF600ECAF5D /* ConcurrentOperation.m in Sources */,
				878746E11BF31C0300ECAF5D /* GalleryViewController.m in Sources */,
			);
			runOnlyForDeploymentPostprocessing = 0;
		};
		87F072EE1BF19ECA004632D0 /* Sources */ = {
			isa = PBXSourcesBuildPhase;
			buildActionMask = 2147483647;
			files = (
				87F072F71BF19ECA004632D0 /* LargeImageViewerTests.m in Sources */,
			);
			runOnlyForDeploymentPostprocessing = 0;
		};
		87F072F91BF19ECA004632D0 /* Sources */ = {
			isa = PBXSourcesBuildPhase;
			buildActionMask = 2147483647;
			files = (
				87F073021BF19ECA004632D0 /* LargeImageViewerUITests.m in Sources */,
			);
			runOnlyForDeploymentPostprocessing = 0;
		};
/* End PBXSourcesBuildPhase section */

/* Begin PBXTargetDependency section */
		87F072F41BF19ECA004632D0 /* PBXTargetDependency */ = {
			isa = PBXTargetDependency;
			target = 87F072D81BF19ECA004632D0 /* LargeImageViewer */;
			targetProxy = 87F072F31BF19ECA004632D0 /* PBXContainerItemProxy */;
		};
		87F072FF1BF19ECA004632D0 /* PBXTargetDependency */ = {
			isa = PBXTargetDependency;
			target = 87F072D81BF19ECA004632D0 /* LargeImageViewer */;
			targetProxy = 87F072FE1BF19ECA004632D0 /* PBXContainerItemProxy */;
		};
/* End PBXTargetDependency section */

/* Begin PBXVariantGroup section */
		87F072EA1BF19ECA004632D0 /* LaunchScreen.storyboard */ = {
			isa = PBXVariantGroup;
			children = (
				87F072EB1BF19ECA004632D0 /* Base */,
			);
			name = LaunchScreen.storyboard;
			sourceTree = "<group>";
		};
/* End PBXVariantGroup section */

/* Begin XCBuildConfiguration section */
		87F073041BF19ECA004632D0 /* Debug */ = {
			isa = XCBuildConfiguration;
			buildSettings = {
				ALWAYS_SEARCH_USER_PATHS = NO;
				CLANG_CXX_LANGUAGE_STANDARD = "gnu++0x";
				CLANG_CXX_LIBRARY = "libc++";
				CLANG_ENABLE_MODULES = YES;
				CLANG_ENABLE_OBJC_ARC = YES;
				CLANG_WARN_BOOL_CONVERSION = YES;
				CLANG_WARN_CONSTANT_CONVERSION = YES;
				CLANG_WARN_DIRECT_OBJC_ISA_USAGE = YES_ERROR;
				CLANG_WARN_EMPTY_BODY = YES;
				CLANG_WARN_ENUM_CONVERSION = YES;
				CLANG_WARN_INT_CONVERSION = YES;
				CLANG_WARN_OBJC_ROOT_CLASS = YES_ERROR;
				CLANG_WARN_UNREACHABLE_CODE = YES;
				CLANG_WARN__DUPLICATE_METHOD_MATCH = YES;
				"CODE_SIGN_IDENTITY[sdk=iphoneos*]" = "iPhone Developer";
				COPY_PHASE_STRIP = NO;
				DEBUG_INFORMATION_FORMAT = dwarf;
				ENABLE_STRICT_OBJC_MSGSEND = YES;
				ENABLE_TESTABILITY = YES;
				GCC_C_LANGUAGE_STANDARD = gnu99;
				GCC_DYNAMIC_NO_PIC = NO;
				GCC_NO_COMMON_BLOCKS = YES;
				GCC_OPTIMIZATION_LEVEL = 0;
				GCC_PREPROCESSOR_DEFINITIONS = (
					"DEBUG=1",
					"$(inherited)",
				);
				GCC_WARN_64_TO_32_BIT_CONVERSION = YES;
				GCC_WARN_ABOUT_RETURN_TYPE = YES_ERROR;
				GCC_WARN_UNDECLARED_SELECTOR = YES;
				GCC_WARN_UNINITIALIZED_AUTOS = YES_AGGRESSIVE;
				GCC_WARN_UNUSED_FUNCTION = YES;
				GCC_WARN_UNUSED_VARIABLE = YES;
				IPHONEOS_DEPLOYMENT_TARGET = 9.1;
				MTL_ENABLE_DEBUG_INFO = YES;
				ONLY_ACTIVE_ARCH = YES;
				SDKROOT = iphoneos;
				TARGETED_DEVICE_FAMILY = "1,2";
			};
			name = Debug;
		};
		87F073051BF19ECA004632D0 /* Release */ = {
			isa = XCBuildConfiguration;
			buildSettings = {
				ALWAYS_SEARCH_USER_PATHS = NO;
				CLANG_CXX_LANGUAGE_STANDARD = "gnu++0x";
				CLANG_CXX_LIBRARY = "libc++";
				CLANG_ENABLE_MODULES = YES;
				CLANG_ENABLE_OBJC_ARC = YES;
				CLANG_WARN_BOOL_CONVERSION = YES;
				CLANG_WARN_CONSTANT_CONVERSION = YES;
				CLANG_WARN_DIRECT_OBJC_ISA_USAGE = YES_ERROR;
				CLANG_WARN_EMPTY_BODY = YES;
				CLANG_WARN_ENUM_CONVERSION = YES;
				CLANG_WARN_INT_CONVERSION = YES;
				CLANG_WARN_OBJC_ROOT_CLASS = YES_ERROR;
				CLANG_WARN_UNREACHABLE_CODE = YES;
				CLANG_WARN__DUPLICATE_METHOD_MATCH = YES;
				"CODE_SIGN_IDENTITY[sdk=iphoneos*]" = "iPhone Developer";
				COPY_PHASE_STRIP = NO;
				DEBUG_INFORMATION_FORMAT = "dwarf-with-dsym";
				ENABLE_NS_ASSERTIONS = NO;
				ENABLE_STRICT_OBJC_MSGSEND = YES;
				GCC_C_LANGUAGE_STANDARD = gnu99;
				GCC_NO_COMMON_BLOCKS = YES;
				GCC_WARN_64_TO_32_BIT_CONVERSION = YES;
				GCC_WARN_ABOUT_RETURN_TYPE = YES_ERROR;
				GCC_WARN_UNDECLARED_SELECTOR = YES;
				GCC_WARN_UNINITIALIZED_AUTOS = YES_AGGRESSIVE;
				GCC_WARN_UNUSED_FUNCTION = YES;
				GCC_WARN_UNUSED_VARIABLE = YES;
				IPHONEOS_DEPLOYMENT_TARGET = 9.1;
				MTL_ENABLE_DEBUG_INFO = NO;
				SDKROOT = iphoneos;
				TARGETED_DEVICE_FAMILY = "1,2";
				VALIDATE_PRODUCT = YES;
			};
			name = Release;
		};
		87F073071BF19ECA004632D0 /* Debug */ = {
			isa = XCBuildConfiguration;
			buildSettings = {
				ASSETCATALOG_COMPILER_APPICON_NAME = AppIcon;
				INFOPLIST_FILE = LargeImageViewer/Info.plist;
				LD_RUNPATH_SEARCH_PATHS = "$(inherited) @executable_path/Frameworks";
				PRODUCT_BUNDLE_IDENTIFIER = com.adamCooper.LargeImageViewer;
				PRODUCT_NAME = "$(TARGET_NAME)";
			};
			name = Debug;
		};
		87F073081BF19ECA004632D0 /* Release */ = {
			isa = XCBuildConfiguration;
			buildSettings = {
				ASSETCATALOG_COMPILER_APPICON_NAME = AppIcon;
				INFOPLIST_FILE = LargeImageViewer/Info.plist;
				LD_RUNPATH_SEARCH_PATHS = "$(inherited) @executable_path/Frameworks";
				PRODUCT_BUNDLE_IDENTIFIER = com.adamCooper.LargeImageViewer;
				PRODUCT_NAME = "$(TARGET_NAME)";
			};
			name = Release;
		};
		87F0730A1BF19ECA004632D0 /* Debug */ = {
			isa = XCBuildConfiguration;
			buildSettings = {
				BUNDLE_LOADER = "$(TEST_HOST)";
				INFOPLIST_FILE = LargeImageViewerTests/Info.plist;
				LD_RUNPATH_SEARCH_PATHS = "$(inherited) @executable_path/Frameworks @loader_path/Frameworks";
				PRODUCT_BUNDLE_IDENTIFIER = com.adamCooper.LargeImageViewerTests;
				PRODUCT_NAME = "$(TARGET_NAME)";
				TEST_HOST = "$(BUILT_PRODUCTS_DIR)/LargeImageViewer.app/LargeImageViewer";
			};
			name = Debug;
		};
		87F0730B1BF19ECA004632D0 /* Release */ = {
			isa = XCBuildConfiguration;
			buildSettings = {
				BUNDLE_LOADER = "$(TEST_HOST)";
				INFOPLIST_FILE = LargeImageViewerTests/Info.plist;
				LD_RUNPATH_SEARCH_PATHS = "$(inherited) @executable_path/Frameworks @loader_path/Frameworks";
				PRODUCT_BUNDLE_IDENTIFIER = com.adamCooper.LargeImageViewerTests;
				PRODUCT_NAME = "$(TARGET_NAME)";
				TEST_HOST = "$(BUILT_PRODUCTS_DIR)/LargeImageViewer.app/LargeImageViewer";
			};
			name = Release;
		};
		87F0730D1BF19ECA004632D0 /* Debug */ = {
			isa = XCBuildConfiguration;
			buildSettings = {
				INFOPLIST_FILE = LargeImageViewerUITests/Info.plist;
				LD_RUNPATH_SEARCH_PATHS = "$(inherited) @executable_path/Frameworks @loader_path/Frameworks";
				PRODUCT_BUNDLE_IDENTIFIER = com.adamCooper.LargeImageViewerUITests;
				PRODUCT_NAME = "$(TARGET_NAME)";
				TEST_TARGET_NAME = LargeImageViewer;
				USES_XCTRUNNER = YES;
			};
			name = Debug;
		};
		87F0730E1BF19ECA004632D0 /* Release */ = {
			isa = XCBuildConfiguration;
			buildSettings = {
				INFOPLIST_FILE = LargeImageViewerUITests/Info.plist;
				LD_RUNPATH_SEARCH_PATHS = "$(inherited) @executable_path/Frameworks @loader_path/Frameworks";
				PRODUCT_BUNDLE_IDENTIFIER = com.adamCooper.LargeImageViewerUITests;
				PRODUCT_NAME = "$(TARGET_NAME)";
				TEST_TARGET_NAME = LargeImageViewer;
				USES_XCTRUNNER = YES;
			};
			name = Release;
		};
/* End XCBuildConfiguration section */

/* Begin XCConfigurationList section */
		87F072D41BF19ECA004632D0 /* Build configuration list for PBXProject "LargeImageViewer" */ = {
			isa = XCConfigurationList;
			buildConfigurations = (
				87F073041BF19ECA004632D0 /* Debug */,
				87F073051BF19ECA004632D0 /* Release */,
			);
			defaultConfigurationIsVisible = 0;
			defaultConfigurationName = Release;
		};
		87F073061BF19ECA004632D0 /* Build configuration list for PBXNativeTarget "LargeImageViewer" */ = {
			isa = XCConfigurationList;
			buildConfigurations = (
				87F073071BF19ECA004632D0 /* Debug */,
				87F073081BF19ECA004632D0 /* Release */,
			);
			defaultConfigurationIsVisible = 0;
			defaultConfigurationName = Release;
		};
		87F073091BF19ECA004632D0 /* Build configuration list for PBXNativeTarget "LargeImageViewerTests" */ = {
			isa = XCConfigurationList;
			buildConfigurations = (
				87F0730A1BF19ECA004632D0 /* Debug */,
				87F0730B1BF19ECA004632D0 /* Release */,
			);
			defaultConfigurationIsVisible = 0;
			defaultConfigurationName = Release;
		};
		87F0730C1BF19ECA004632D0 /* Build configuration list for PBXNativeTarget "LargeImageViewerUITests" */ = {
			isa = XCConfigurationList;
			buildConfigurations = (
				87F0730D1BF19ECA004632D0 /* Debug */,
				87F0730E1BF19ECA004632D0 /* Release */,
			);
			defaultConfigurationIsVisible = 0;
			defaultConfigurationName = Release;
		};
/* End XCConfigurationList section */
	};
	rootObject = 87F072D11BF19ECA004632D0 /* Project object */;
}
